
Microsoft Visual Studio Solution File, Format Version 12.00
# Visual Studio Version 17
VisualStudioVersion = 17.4.33213.308
MinimumVisualStudioVersion = 10.0.40219.1
Project("{FAE04EC0-301F-11D3-BF4B-00C04F79EFBC}") = "WindowsFormsApp2", "WindowsFormsApp2\WindowsFormsApp2.csproj", "{0B0108EF-9262-4B24-AC47-CA3C5244DAFB}"
EndProject
Global
	GlobalSection(SolutionConfigurationPlatforms) = preSolution
		Debug|Any CPU = Debug|Any CPU
		Release|Any CPU = Release|Any CPU
	EndGlobalSection
	GlobalSection(ProjectConfigurationPlatforms) = postSolution
		{0B0108EF-9262-4B24-AC47-CA3C5244DAFB}.Debug|Any CPU.ActiveCfg = Debug|Any CPU
		{0B0108EF-9262-4B24-AC47-CA3C5244DAFB}.Debug|Any CPU.Build.0 = Debug|Any CPU
		{0B0108EF-9262-4B24-AC47-CA3C5244DAFB}.Release|Any CPU.ActiveCfg = Release|Any CPU
		{0B0108EF-9262-4B24-AC47-CA3C5244DAFB}.Release|Any CPU.Build.0 = Release|Any CPU
	EndGlobalSection
	GlobalSection(SolutionProperties) = preSolution
		HideSolutionNode = FALSE
	EndGlobalSection
	GlobalSection(ExtensibilityGlobals) = postSolution
		SolutionGuid = {DBE3EECE-6DB1-4829-8EB3-C0DE3656EF5D}
	EndGlobalSection
EndGlobal
